
Microsoft Visual Studio Solution File, Format Version 12.00
# Visual Studio 15
VisualStudioVersion = 15.0.26430.6
MinimumVisualStudioVersion = 10.0.40219.1
Project("{F184B08F-C81C-45F6-A57F-5ABD9991F28F}") = "Fate2013", "Fate2013\Fate2013.vbproj", "{31DD434B-CD80-4886-9BC7-C2E993F37886}"
EndProject
Project("{54435603-DBB4-11D2-8724-00A0C9A8B90C}") = "Setup_Fate", "Setup_Fate\Setup_Fate.vdproj", "{7B745DF5-8B09-42C9-A515-0A0F2282F776}"
EndProject
Global
	GlobalSection(SolutionConfigurationPlatforms) = preSolution
		Debug|x86 = Debug|x86
		Release|x86 = Release|x86
	EndGlobalSection
	GlobalSection(ProjectConfigurationPlatforms) = postSolution
		{31DD434B-CD80-4886-9BC7-C2E993F37886}.Debug|x86.ActiveCfg = Debug|x86
		{31DD434B-CD80-4886-9BC7-C2E993F37886}.Debug|x86.Build.0 = Debug|x86
		{31DD434B-CD80-4886-9BC7-C2E993F37886}.Release|x86.ActiveCfg = Release|x86
		{31DD434B-CD80-4886-9BC7-C2E993F37886}.Release|x86.Build.0 = Release|x86
		{7B745DF5-8B09-42C9-A515-0A0F2282F776}.Debug|x86.ActiveCfg = Debug
		{7B745DF5-8B09-42C9-A515-0A0F2282F776}.Release|x86.ActiveCfg = Release
	EndGlobalSection
	GlobalSection(SolutionProperties) = preSolution
		HideSolutionNode = FALSE
	EndGlobalSection
EndGlobal
